
Microsoft Visual Studio Solution File, Format Version 12.00
# Visual Studio Version 17
VisualStudioVersion = 17.9.34728.123
MinimumVisualStudioVersion = 10.0.40219.1
Project("{FAE04EC0-301F-11D3-BF4B-00C04F79EFBC}") = "EMS", "EMS.csproj", "{A1E6C07D-F875-4118-97CF-B166068BFC58}"
EndProject
Global
	GlobalSection(SolutionConfigurationPlatforms) = preSolution
		Debug|Any CPU = Debug|Any CPU
		Release|Any CPU = Release|Any CPU
	EndGlobalSection
	GlobalSection(ProjectConfigurationPlatforms) = postSolution
		{A1E6C07D-F875-4118-97CF-B166068BFC58}.Debug|Any CPU.ActiveCfg = Debug|Any CPU
		{A1E6C07D-F875-4118-97CF-B166068BFC58}.Debug|Any CPU.Build.0 = Debug|Any CPU
		{A1E6C07D-F875-4118-97CF-B166068BFC58}.Release|Any CPU.ActiveCfg = Release|Any CPU
		{A1E6C07D-F875-4118-97CF-B166068BFC58}.Release|Any CPU.Build.0 = Release|Any CPU
	EndGlobalSection
	GlobalSection(SolutionProperties) = preSolution
		HideSolutionNode = FALSE
	EndGlobalSection
	GlobalSection(ExtensibilityGlobals) = postSolution
		SolutionGuid = {1A34E56A-C26D-4E4E-9E55-741081730CAA}
	EndGlobalSection
EndGlobal
